# This file is automatically @generated by Cargo.
# It is not intended for manual editing.
version = 4

[[package]]
name = "multiple-area-calculator"
version = "0.1.0"

[[package]]
name = "rect-area"
version = "0.1.0"

[[package]]
name = "the-gatekeeper"
version = "0.1.0"

[[package]]
name = "the-structured-surveyor"
version = "0.1.0"
